# THIS IS AN AUTOGENERATED FILE. DO NOT EDIT THIS FILE DIRECTLY.
# yarn lockfile v1


commander@^2.19.0:
  version "2.20.3"
  resolved "https://registry.yarnpkg.com/commander/-/commander-2.20.3.tgz#fd485e84c03eb4881c20722ba48035e8531aeb33"
  integrity sha512-GpVkmM8vF2vQUkj2LvZmD35JxeJOLCwJ9cUkugyk2nuhbv3+mJvpLYYt+0+USMxE+oj+ey/lJEnhZw75x/OMcQ==

discontinuous-range@1.0.0:
  version "1.0.0"
  resolved "https://registry.yarnpkg.com/discontinuous-range/-/discontinuous-range-1.0.0.tgz#e38331f0844bba49b9a9cb71c771585aab1bc65a"
  integrity sha1-44Mx8IRLukm5qctxx3FYWqsbxlo=

moo-indentation-lexer@^6.0.0:
  version "6.0.0"
  resolved "https://registry.yarnpkg.com/moo-indentation-lexer/-/moo-indentation-lexer-6.0.0.tgz#aba259c216109871c11dcc5c61d5cf7804188430"
  integrity sha512-qra3nYwiOFbPCjMWvBkhHhtpILh2q46n+D8oduPR2iG/yIhKsKveKVXLhh0BGWfl21AIlqhQctEqai+6zs+DzA==
  dependencies:
    moo-peekable-lexer "^1.1.2"

moo-peekable-lexer@^1.1.2:
  version "1.1.2"
  resolved "https://registry.yarnpkg.com/moo-peekable-lexer/-/moo-peekable-lexer-1.1.2.tgz#ee4ee842c55f408da59716bd5aa9cb771a33574b"
  integrity sha512-8m53qKZqTW0RqvrxVYgfdbaH+7DMLXwLo3DRLea/6DtAcpzVZICtPboEIqcJ3dJf09JxZK9lRSGGcENgFq499Q==

moo@^0.5.0, moo@aliclark/moo.git#graphical-errors:
  version "0.5.1"
  resolved "https://codeload.github.com/aliclark/moo/tar.gz/5c7d2192ae251a1963121f2a1fd98aac12aadebd"

nearley@^2.19.7:
  version "2.19.7"
  resolved "https://registry.yarnpkg.com/nearley/-/nearley-2.19.7.tgz#eafbe3e2d8ccfe70adaa5c026ab1f9709c116218"
  integrity sha512-Y+KNwhBPcSJKeyQCFjn8B/MIe+DDlhaaDgjVldhy5xtFewIbiQgcbZV8k2gCVwkI1ZsKCnjIYZbR+0Fim5QYgg==
  dependencies:
    commander "^2.19.0"
    moo "^0.5.0"
    railroad-diagrams "^1.0.0"
    randexp "0.4.6"
    semver "^5.4.1"

railroad-diagrams@^1.0.0:
  version "1.0.0"
  resolved "https://registry.yarnpkg.com/railroad-diagrams/-/railroad-diagrams-1.0.0.tgz#eb7e6267548ddedfb899c1b90e57374559cddb7e"
  integrity sha1-635iZ1SN3t+4mcG5Dlc3RVnN234=

randexp@0.4.6:
  version "0.4.6"
  resolved "https://registry.yarnpkg.com/randexp/-/randexp-0.4.6.tgz#e986ad5e5e31dae13ddd6f7b3019aa7c87f60ca3"
  integrity sha512-80WNmd9DA0tmZrw9qQa62GPPWfuXJknrmVmLcxvq4uZBdYqb1wYoKTmnlGUchvVWe0XiLupYkBoXVOxz3C8DYQ==
  dependencies:
    discontinuous-range "1.0.0"
    ret "~0.1.10"

ret@~0.1.10:
  version "0.1.15"
  resolved "https://registry.yarnpkg.com/ret/-/ret-0.1.15.tgz#b8a4825d5bdb1fc3f6f53c2bc33f81388681c7bc"
  integrity sha512-TTlYpa+OL+vMMNG24xSlQGEJ3B/RzEfUlLct7b5G/ytav+wPrplCpVMFuwzXbkecJrb6IYo1iFb0S9v37754mg==

semver@^5.4.1:
  version "5.7.1"
  resolved "https://registry.yarnpkg.com/semver/-/semver-5.7.1.tgz#a954f931aeba508d307bbf069eff0c01c96116f7"
  integrity sha512-sauaDf/PZdVgrLTNYHRtpXa1iRiKcaebiKQ1BJdpQlWH2lCvexQdX55snPFyK7QzpudqbCI0qXFfOasHdyNDGQ==

source-map@^0.7.3:
  version "0.7.3"
  resolved "https://registry.yarnpkg.com/source-map/-/source-map-0.7.3.tgz#5302f8169031735226544092e64981f751750383"
  integrity sha512-CkCj6giN3S+n9qrYiBTX5gystlENnRW5jZeNLHpe6aue+SrHcG5VYwujhW9s4dY31mEGsxBDrHR6oI69fTXsaQ==
